// !$*UTF8*$!
{
	archiveVersion = 1;
	classes = {
	};
	objectVersion = 54;
	objects = {

/* Begin PBXBuildFile section */
		00E356F31AD99517003FC87E /* SomeAppTests.m in Sources */ = {isa = PBXBuildFile; fileRef = 00E356F21AD99517003FC87E /* SomeAppTests.m */; };
		13B07FBC1A68108700A75B9A /* AppDelegate.mm in Sources */ = {isa = PBXBuildFile; fileRef = 13B07FB01A68108700A75B9A /* AppDelegate.mm */; };
		13B07FBF1A68108700A75B9A /* Images.xcassets in Resources */ = {isa = PBXBuildFile; fileRef = 13B07FB51A68108700A75B9A /* Images.xcassets */; };
		13B07FC11A68108700A75B9A /* main.m in Sources */ = {isa = PBXBuildFile; fileRef = 13B07FB71A68108700A75B9A /* main.m */; };
		1C1F8DD8A8AD4F60B2FA9514 /* Lato-Heavy.ttf in Resources */ = {isa = PBXBuildFile; fileRef = 7BDDA197F70747F2B0A51BB7 /* Lato-Heavy.ttf */; };
		32FD9FF98B744B98B5669B81 /* Lato-Thin.ttf in Resources */ = {isa = PBXBuildFile; fileRef = 57398E573F004B22A598FF62 /* Lato-Thin.ttf */; };
		56119D2706E640E1B61EA5A6 /* Lato-Hairline.ttf in Resources */ = {isa = PBXBuildFile; fileRef = 06D0B48D218843D7A5A8066D /* Lato-Hairline.ttf */; };
		6430A249B55141DA9C7339BF /* Lato-Semibold.ttf in Resources */ = {isa = PBXBuildFile; fileRef = 1DA8F59A448148D0A6A607AF /* Lato-Semibold.ttf */; };
		6B7BA35F406033D1AC50ED84 /* Pods_SomeApp.framework in Frameworks */ = {isa = PBXBuildFile; fileRef = 29851F2736D829813060ABE9 /* Pods_SomeApp.framework */; };
		81AB9BB82411601600AC10FF /* LaunchScreen.storyboard in Resources */ = {isa = PBXBuildFile; fileRef = 81AB9BB72411601600AC10FF /* LaunchScreen.storyboard */; };
		84085DAA6637413D92C8D7E5 /* Lato-Light.ttf in Resources */ = {isa = PBXBuildFile; fileRef = 03E833DAD565446FBF1A477F /* Lato-Light.ttf */; };
		977FF92502144C028C66091F /* BuildFile in Sources */ = {isa = PBXBuildFile; };
		9E3BD26220D44D0D97EEC07F /* Lato-Regular.ttf in Resources */ = {isa = PBXBuildFile; fileRef = 0E57FEE2F8BD4019AD12EB4B /* Lato-Regular.ttf */; };
		A7CB91232042459F9C6B926F /* Lato-Black.ttf in Resources */ = {isa = PBXBuildFile; fileRef = E1E41B8175984760A82F58FF /* Lato-Black.ttf */; };
		AD9B764B21ADA577A666B235 /* Pods_SomeApp_SomeAppTests.framework in Frameworks */ = {isa = PBXBuildFile; fileRef = EBF161591FE6910677CB04A3 /* Pods_SomeApp_SomeAppTests.framework */; };
		C0A26F50ABA7459A9E8CDA09 /* Lato-Bold.ttf in Resources */ = {isa = PBXBuildFile; fileRef = AA05DEC8E325425482560B6A /* Lato-Bold.ttf */; };
		DF864D962CCB48AE00D0F4FD /* Restart.m in Sources */ = {isa = PBXBuildFile; fileRef = DF864D952CCB48AE00D0F4FD /* Restart.m */; };
		DFBE53422C002EC300D0C281 /* PrivacyInfo.xcprivacy in Resources */ = {isa = PBXBuildFile; fileRef = DFBE53412C002EC300D0C281 /* PrivacyInfo.xcprivacy */; };
		E29781509CD04FFFB4B6AB81 /* Lato-Medium.ttf in Resources */ = {isa = PBXBuildFile; fileRef = AF4FF130FA1B489DB703FC3E /* Lato-Medium.ttf */; };
		E33C20909FA5496A86477D6B /* Lato-Italic.ttf in Resources */ = {isa = PBXBuildFile; fileRef = 93F1A1119E9E4DD1B5E40509 /* Lato-Italic.ttf */; };
/* End PBXBuildFile section */

/* Begin PBXContainerItemProxy section */
		00E356F41AD99517003FC87E /* PBXContainerItemProxy */ = {
			isa = PBXContainerItemProxy;
			containerPortal = 83CBB9F71A601CBA00E9B192 /* Project object */;
			proxyType = 1;
			remoteGlobalIDString = 13B07F861A680F5B00A75B9A;
			remoteInfo = SomeApp;
		};
/* End PBXContainerItemProxy section */

/* Begin PBXCopyFilesBuildPhase section */
		DF9889BB2CAA562C0046BD69 /* Embed Foundation Extensions */ = {
			isa = PBXCopyFilesBuildPhase;
			buildActionMask = 2147483647;
			dstPath = "";
			dstSubfolderSpec = 13;
			files = (
			);
			name = "Embed Foundation Extensions";
			runOnlyForDeploymentPostprocessing = 0;
		};
/* End PBXCopyFilesBuildPhase section */

/* Begin PBXFileReference section */
		00E356EE1AD99517003FC87E /* SomeAppTests.xctest */ = {isa = PBXFileReference; explicitFileType = wrapper.cfbundle; includeInIndex = 0; path = SomeAppTests.xctest; sourceTree = BUILT_PRODUCTS_DIR; };
		00E356F11AD99517003FC87E /* Info.plist */ = {isa = PBXFileReference; lastKnownFileType = text.plist.xml; path = Info.plist; sourceTree = "<group>"; };
		00E356F21AD99517003FC87E /* SomeAppTests.m */ = {isa = PBXFileReference; lastKnownFileType = sourcecode.c.objc; path = SomeAppTests.m; sourceTree = "<group>"; };
		03E833DAD565446FBF1A477F /* Lato-Light.ttf */ = {isa = PBXFileReference; explicitFileType = undefined; fileEncoding = 9; includeInIndex = 0; lastKnownFileType = unknown; name = "Lato-Light.ttf"; path = "../src/Assets/fonts/Lato-Light.ttf"; sourceTree = "<group>"; };
		067C08E90FEAA988F80243E9 /* Pods-SomeApp.release.xcconfig */ = {isa = PBXFileReference; includeInIndex = 1; lastKnownFileType = text.xcconfig; name = "Pods-SomeApp.release.xcconfig"; path = "Target Support Files/Pods-SomeApp/Pods-SomeApp.release.xcconfig"; sourceTree = "<group>"; };
		06D0B48D218843D7A5A8066D /* Lato-Hairline.ttf */ = {isa = PBXFileReference; explicitFileType = undefined; fileEncoding = 9; includeInIndex = 0; lastKnownFileType = unknown; name = "Lato-Hairline.ttf"; path = "../src/Assets/fonts/Lato-Hairline.ttf"; sourceTree = "<group>"; };
		0E57FEE2F8BD4019AD12EB4B /* Lato-Regular.ttf */ = {isa = PBXFileReference; explicitFileType = undefined; fileEncoding = 9; includeInIndex = 0; lastKnownFileType = unknown; name = "Lato-Regular.ttf"; path = "../src/Assets/fonts/Lato-Regular.ttf"; sourceTree = "<group>"; };
		127917422C1AA13B00CA56BA /* nginx-bk */ = {isa = PBXFileReference; lastKnownFileType = folder; name = "nginx-bk"; path = "../android/app/src/main/assets/nginx-bk"; sourceTree = "<group>"; };
		127917432C1AA13B00CA56BA /* charting_library */ = {isa = PBXFileReference; lastKnownFileType = folder; name = charting_library; path = ../android/app/src/main/assets/charting_library; sourceTree = "<group>"; };
		127917442C1AA13B00CA56BA /* checksession.html */ = {isa = PBXFileReference; fileEncoding = 4; lastKnownFileType = text.html; name = checksession.html; path = ../android/app/src/main/assets/checksession.html; sourceTree = "<group>"; };
		127917452C1AA13B00CA56BA /* mobile_black.html */ = {isa = PBXFileReference; fileEncoding = 4; lastKnownFileType = text.html; name = mobile_black.html; path = ../android/app/src/main/assets/mobile_black.html; sourceTree = "<group>"; };
		127917462C1AA13B00CA56BA /* changelog.md */ = {isa = PBXFileReference; fileEncoding = 4; lastKnownFileType = net.daringfireball.markdown; name = changelog.md; path = ../android/app/src/main/assets/changelog.md; sourceTree = "<group>"; };
		127917472C1AA13B00CA56BA /* index.html */ = {isa = PBXFileReference; fileEncoding = 4; lastKnownFileType = text.html; name = index.html; path = ../android/app/src/main/assets/index.html; sourceTree = "<group>"; };
		127917482C1AA13B00CA56BA /* charting_library.d.ts */ = {isa = PBXFileReference; fileEncoding = 4; lastKnownFileType = sourcecode.typescript; name = charting_library.d.ts; path = ../android/app/src/main/assets/charting_library.d.ts; sourceTree = "<group>"; };
		127917492C1AA13B00CA56BA /* themed.css */ = {isa = PBXFileReference; fileEncoding = 4; lastKnownFileType = text.css; name = themed.css; path = ../android/app/src/main/assets/themed.css; sourceTree = "<group>"; };
		1279174A2C1AA13B00CA56BA /* README.md */ = {isa = PBXFileReference; fileEncoding = 4; lastKnownFileType = net.daringfireball.markdown; name = README.md; path = ../android/app/src/main/assets/README.md; sourceTree = "<group>"; };
		1279174B2C1AA13B00CA56BA /* CONTRIBUTING.md */ = {isa = PBXFileReference; fileEncoding = 4; lastKnownFileType = net.daringfireball.markdown; name = CONTRIBUTING.md; path = ../android/app/src/main/assets/CONTRIBUTING.md; sourceTree = "<group>"; };
		1279174C2C1AA13B00CA56BA /* socketcluster */ = {isa = PBXFileReference; lastKnownFileType = folder; name = socketcluster; path = ../android/app/src/main/assets/socketcluster; sourceTree = "<group>"; };
		1279174D2C1AA13B00CA56BA /* mobile_white.html */ = {isa = PBXFileReference; fileEncoding = 4; lastKnownFileType = text.html; name = mobile_white.html; path = ../android/app/src/main/assets/mobile_white.html; sourceTree = "<group>"; };
		1279174E2C1AA13B00CA56BA /* datafeeds */ = {isa = PBXFileReference; lastKnownFileType = folder; name = datafeeds; path = ../android/app/src/main/assets/datafeeds; sourceTree = "<group>"; };
		1279174F2C1AA13B00CA56BA /* test.html */ = {isa = PBXFileReference; fileEncoding = 4; lastKnownFileType = text.html; name = test.html; path = ../android/app/src/main/assets/test.html; sourceTree = "<group>"; };
		127917502C1AA13B00CA56BA /* themed.html */ = {isa = PBXFileReference; fileEncoding = 4; lastKnownFileType = text.html; name = themed.html; path = ../android/app/src/main/assets/themed.html; sourceTree = "<group>"; };
		13B07F961A680F5B00A75B9A /* SomeApp UAT.app */ = {isa = PBXFileReference; explicitFileType = wrapper.application; includeInIndex = 0; path = "SomeApp UAT.app"; sourceTree = BUILT_PRODUCTS_DIR; };
		13B07FAF1A68108700A75B9A /* AppDelegate.h */ = {isa = PBXFileReference; fileEncoding = 4; lastKnownFileType = sourcecode.c.h; name = AppDelegate.h; path = SomeApp/AppDelegate.h; sourceTree = "<group>"; };
		13B07FB01A68108700A75B9A /* AppDelegate.mm */ = {isa = PBXFileReference; fileEncoding = 4; lastKnownFileType = sourcecode.cpp.objcpp; name = AppDelegate.mm; path = SomeApp/AppDelegate.mm; sourceTree = "<group>"; };
		13B07FB51A68108700A75B9A /* Images.xcassets */ = {isa = PBXFileReference; lastKnownFileType = folder.assetcatalog; name = Images.xcassets; path = SomeApp/Images.xcassets; sourceTree = "<group>"; };
		13B07FB61A68108700A75B9A /* Info.plist */ = {isa = PBXFileReference; fileEncoding = 4; lastKnownFileType = text.plist.xml; name = Info.plist; path = SomeApp/Info.plist; sourceTree = "<group>"; };
		13B07FB71A68108700A75B9A /* main.m */ = {isa = PBXFileReference; fileEncoding = 4; lastKnownFileType = sourcecode.c.objc; name = main.m; path = SomeApp/main.m; sourceTree = "<group>"; };
		1DA8F59A448148D0A6A607AF /* Lato-Semibold.ttf */ = {isa = PBXFileReference; explicitFileType = undefined; fileEncoding = 9; includeInIndex = 0; lastKnownFileType = unknown; name = "Lato-Semibold.ttf"; path = "../src/Assets/fonts/Lato-Semibold.ttf"; sourceTree = "<group>"; };
		2778D5F6235D20DD3AFB972F /* Pods-SomeApp-SomeAppTests.release.xcconfig */ = {isa = PBXFileReference; includeInIndex = 1; lastKnownFileType = text.xcconfig; name = "Pods-SomeApp-SomeAppTests.release.xcconfig"; path = "Target Support Files/Pods-SomeApp-SomeAppTests/Pods-SomeApp-SomeAppTests.release.xcconfig"; sourceTree = "<group>"; };
		29851F2736D829813060ABE9 /* Pods_SomeApp.framework */ = {isa = PBXFileReference; explicitFileType = wrapper.framework; includeInIndex = 0; path = Pods_SomeApp.framework; sourceTree = BUILT_PRODUCTS_DIR; };
		4215028D33EA4BF86522472F /* Pods-SomeApp-SomeAppTests.staging.xcconfig */ = {isa = PBXFileReference; includeInIndex = 1; lastKnownFileType = text.xcconfig; name = "Pods-SomeApp-SomeAppTests.staging.xcconfig"; path = "Target Support Files/Pods-SomeApp-SomeAppTests/Pods-SomeApp-SomeAppTests.staging.xcconfig"; sourceTree = "<group>"; };
		57398E573F004B22A598FF62 /* Lato-Thin.ttf */ = {isa = PBXFileReference; explicitFileType = undefined; fileEncoding = 9; includeInIndex = 0; lastKnownFileType = unknown; name = "Lato-Thin.ttf"; path = "../src/Assets/fonts/Lato-Thin.ttf"; sourceTree = "<group>"; };
		574EAABFD20F22754949E4F4 /* Pods-SomeApp-SomeAppTests.uatrelease.xcconfig */ = {isa = PBXFileReference; includeInIndex = 1; lastKnownFileType = text.xcconfig; name = "Pods-SomeApp-SomeAppTests.uatrelease.xcconfig"; path = "Target Support Files/Pods-SomeApp-SomeAppTests/Pods-SomeApp-SomeAppTests.uatrelease.xcconfig"; sourceTree = "<group>"; };
		7BDDA197F70747F2B0A51BB7 /* Lato-Heavy.ttf */ = {isa = PBXFileReference; explicitFileType = undefined; fileEncoding = 9; includeInIndex = 0; lastKnownFileType = unknown; name = "Lato-Heavy.ttf"; path = "../src/Assets/fonts/Lato-Heavy.ttf"; sourceTree = "<group>"; };
		81AB9BB72411601600AC10FF /* LaunchScreen.storyboard */ = {isa = PBXFileReference; fileEncoding = 4; lastKnownFileType = file.storyboard; name = LaunchScreen.storyboard; path = SomeApp/LaunchScreen.storyboard; sourceTree = "<group>"; };
		92627A57A2CD688F7C5C2FE5 /* Pods-SomeApp-SomeAppTests.uat.xcconfig */ = {isa = PBXFileReference; includeInIndex = 1; lastKnownFileType = text.xcconfig; name = "Pods-SomeApp-SomeAppTests.uat.xcconfig"; path = "Target Support Files/Pods-SomeApp-SomeAppTests/Pods-SomeApp-SomeAppTests.uat.xcconfig"; sourceTree = "<group>"; };
		93F1A1119E9E4DD1B5E40509 /* Lato-Italic.ttf */ = {isa = PBXFileReference; explicitFileType = undefined; fileEncoding = 9; includeInIndex = 0; lastKnownFileType = unknown; name = "Lato-Italic.ttf"; path = "../src/Assets/fonts/Lato-Italic.ttf"; sourceTree = "<group>"; };
		AA05DEC8E325425482560B6A /* Lato-Bold.ttf */ = {isa = PBXFileReference; explicitFileType = undefined; fileEncoding = 9; includeInIndex = 0; lastKnownFileType = unknown; name = "Lato-Bold.ttf"; path = "../src/Assets/fonts/Lato-Bold.ttf"; sourceTree = "<group>"; };
		AF4FF130FA1B489DB703FC3E /* Lato-Medium.ttf */ = {isa = PBXFileReference; explicitFileType = undefined; fileEncoding = 9; includeInIndex = 0; lastKnownFileType = unknown; name = "Lato-Medium.ttf"; path = "../src/Assets/fonts/Lato-Medium.ttf"; sourceTree = "<group>"; };
		D5FC05D94443D7F40B281C94 /* Pods-SomeApp.uat.xcconfig */ = {isa = PBXFileReference; includeInIndex = 1; lastKnownFileType = text.xcconfig; name = "Pods-SomeApp.uat.xcconfig"; path = "Target Support Files/Pods-SomeApp/Pods-SomeApp.uat.xcconfig"; sourceTree = "<group>"; };
		D663ED23D96CC38F6A0B1AD3 /* Pods-SomeApp.uatrelease.xcconfig */ = {isa = PBXFileReference; includeInIndex = 1; lastKnownFileType = text.xcconfig; name = "Pods-SomeApp.uatrelease.xcconfig"; path = "Target Support Files/Pods-SomeApp/Pods-SomeApp.uatrelease.xcconfig"; sourceTree = "<group>"; };
		DF521B742B60F343009FE4D1 /* Config.xcconfig */ = {isa = PBXFileReference; lastKnownFileType = text.xcconfig; path = Config.xcconfig; sourceTree = "<group>"; };
		DF864D912CCB479E00D0F4FD /* Restart.h */ = {isa = PBXFileReference; lastKnownFileType = sourcecode.c.h; name = Restart.h; path = SomeApp/Restart.h; sourceTree = "<group>"; };
		DF864D952CCB48AE00D0F4FD /* Restart.m */ = {isa = PBXFileReference; lastKnownFileType = sourcecode.c.objc; name = Restart.m; path = SomeApp/Restart.m; sourceTree = "<group>"; };
		DF9889A92CAA55B60046BD69 /* SomeApp.entitlements */ = {isa = PBXFileReference; lastKnownFileType = text.plist.entitlements; name = SomeApp.entitlements; path = SomeApp/SomeApp.entitlements; sourceTree = "<group>"; };
		DF9889C52CAA79F30046BD69 /* SomeAppRelease.entitlements */ = {isa = PBXFileReference; lastKnownFileType = text.plist.entitlements; name = SomeAppRelease.entitlements; path = SomeApp/SomeAppRelease.entitlements; sourceTree = "<group>"; };
		DF9889C62CAA79F90046BD69 /* SomeAppStaging.entitlements */ = {isa = PBXFileReference; lastKnownFileType = text.plist.entitlements; name = SomeAppStaging.entitlements; path = SomeApp/SomeAppStaging.entitlements; sourceTree = "<group>"; };
		DFBE53412C002EC300D0C281 /* PrivacyInfo.xcprivacy */ = {isa = PBXFileReference; lastKnownFileType = text.xml; path = PrivacyInfo.xcprivacy; sourceTree = "<group>"; };
		E1E41B8175984760A82F58FF /* Lato-Black.ttf */ = {isa = PBXFileReference; explicitFileType = undefined; fileEncoding = 9; includeInIndex = 0; lastKnownFileType = unknown; name = "Lato-Black.ttf"; path = "../src/Assets/fonts/Lato-Black.ttf"; sourceTree = "<group>"; };
		EBF161591FE6910677CB04A3 /* Pods_SomeApp_SomeAppTests.framework */ = {isa = PBXFileReference; explicitFileType = wrapper.framework; includeInIndex = 0; path = Pods_SomeApp_SomeAppTests.framework; sourceTree = BUILT_PRODUCTS_DIR; };
		ED297162215061F000B7C4FE /* JavaScriptCore.framework */ = {isa = PBXFileReference; lastKnownFileType = wrapper.framework; name = JavaScriptCore.framework; path = System/Library/Frameworks/JavaScriptCore.framework; sourceTree = SDKROOT; };
		FA6EFF93642E5DB9B8297201 /* Pods-SomeApp.staging.xcconfig */ = {isa = PBXFileReference; includeInIndex = 1; lastKnownFileType = text.xcconfig; name = "Pods-SomeApp.staging.xcconfig"; path = "Target Support Files/Pods-SomeApp/Pods-SomeApp.staging.xcconfig"; sourceTree = "<group>"; };
/* End PBXFileReference section */

/* Begin PBXFrameworksBuildPhase section */
		00E356EB1AD99517003FC87E /* Frameworks */ = {
			isa = PBXFrameworksBuildPhase;
			buildActionMask = 2147483647;
			files = (
				AD9B764B21ADA577A666B235 /* Pods_SomeApp_SomeAppTests.framework in Frameworks */,
			);
			runOnlyForDeploymentPostprocessing = 0;
		};
		13B07F8C1A680F5B00A75B9A /* Frameworks */ = {
			isa = PBXFrameworksBuildPhase;
			buildActionMask = 2147483647;
			files = (
				6B7BA35F406033D1AC50ED84 /* Pods_SomeApp.framework in Frameworks */,
			);
			runOnlyForDeploymentPostprocessing = 0;
		};
/* End PBXFrameworksBuildPhase section */

/* Begin PBXGroup section */
		00E356EF1AD99517003FC87E /* SomeAppTests */ = {
			isa = PBXGroup;
			children = (
				00E356F21AD99517003FC87E /* SomeAppTests.m */,
				00E356F01AD99517003FC87E /* Supporting Files */,
			);
			path = SomeAppTests;
			sourceTree = "<group>";
		};
		00E356F01AD99517003FC87E /* Supporting Files */ = {
			isa = PBXGroup;
			children = (
				00E356F11AD99517003FC87E /* Info.plist */,
			);
			name = "Supporting Files";
			sourceTree = "<group>";
		};
		127917412C1AA11100CA56BA /* Resources */ = {
			isa = PBXGroup;
			children = (
				127917462C1AA13B00CA56BA /* changelog.md */,
				127917432C1AA13B00CA56BA /* charting_library */,
				127917482C1AA13B00CA56BA /* charting_library.d.ts */,
				127917442C1AA13B00CA56BA /* checksession.html */,
				1279174B2C1AA13B00CA56BA /* CONTRIBUTING.md */,
				1279174E2C1AA13B00CA56BA /* datafeeds */,
				127917472C1AA13B00CA56BA /* index.html */,
				127917452C1AA13B00CA56BA /* mobile_black.html */,
				1279174D2C1AA13B00CA56BA /* mobile_white.html */,
				127917422C1AA13B00CA56BA /* nginx-bk */,
				1279174A2C1AA13B00CA56BA /* README.md */,
				1279174C2C1AA13B00CA56BA /* socketcluster */,
				1279174F2C1AA13B00CA56BA /* test.html */,
				127917492C1AA13B00CA56BA /* themed.css */,
				127917502C1AA13B00CA56BA /* themed.html */,
			);
			name = Resources;
			sourceTree = "<group>";
		};
		13B07FAE1A68108700A75B9A /* SomeApp */ = {
			isa = PBXGroup;
			children = (
				DF9889C62CAA79F90046BD69 /* SomeAppStaging.entitlements */,
				DF9889C52CAA79F30046BD69 /* SomeAppRelease.entitlements */,
				DF9889A92CAA55B60046BD69 /* SomeApp.entitlements */,
				13B07FAF1A68108700A75B9A /* AppDelegate.h */,
				13B07FB01A68108700A75B9A /* AppDelegate.mm */,
				13B07FB51A68108700A75B9A /* Images.xcassets */,
				13B07FB61A68108700A75B9A /* Info.plist */,
				81AB9BB72411601600AC10FF /* LaunchScreen.storyboard */,
				13B07FB71A68108700A75B9A /* main.m */,
			);
			name = SomeApp;
			sourceTree = "<group>";
		};
		22915B1B35F44AAE8534BCA0 /* Resources */ = {
			isa = PBXGroup;
			children = (
				E1E41B8175984760A82F58FF /* Lato-Black.ttf */,
				AA05DEC8E325425482560B6A /* Lato-Bold.ttf */,
				06D0B48D218843D7A5A8066D /* Lato-Hairline.ttf */,
				7BDDA197F70747F2B0A51BB7 /* Lato-Heavy.ttf */,
				93F1A1119E9E4DD1B5E40509 /* Lato-Italic.ttf */,
				03E833DAD565446FBF1A477F /* Lato-Light.ttf */,
				AF4FF130FA1B489DB703FC3E /* Lato-Medium.ttf */,
				0E57FEE2F8BD4019AD12EB4B /* Lato-Regular.ttf */,
				1DA8F59A448148D0A6A607AF /* Lato-Semibold.ttf */,
				57398E573F004B22A598FF62 /* Lato-Thin.ttf */,
			);
			name = Resources;
			sourceTree = "<group>";
		};
		2D16E6871FA4F8E400B85C8A /* Frameworks */ = {
			isa = PBXGroup;
			children = (
				ED297162215061F000B7C4FE /* JavaScriptCore.framework */,
				29851F2736D829813060ABE9 /* Pods_SomeApp.framework */,
				EBF161591FE6910677CB04A3 /* Pods_SomeApp_SomeAppTests.framework */,
			);
			name = Frameworks;
			sourceTree = "<group>";
		};
		832341AE1AAA6A7D00B99B32 /* Libraries */ = {
			isa = PBXGroup;
			children = (
			);
			name = Libraries;
			sourceTree = "<group>";
		};
		83CBB9F61A601CBA00E9B192 = {
			isa = PBXGroup;
			children = (
				DF864D952CCB48AE00D0F4FD /* Restart.m */,
				127917412C1AA11100CA56BA /* Resources */,
				DFBE53412C002EC300D0C281 /* PrivacyInfo.xcprivacy */,
				DF521B742B60F343009FE4D1 /* Config.xcconfig */,
				13B07FAE1A68108700A75B9A /* SomeApp */,
				832341AE1AAA6A7D00B99B32 /* Libraries */,
				00E356EF1AD99517003FC87E /* SomeAppTests */,
				83CBBA001A601CBA00E9B192 /* Products */,
				2D16E6871FA4F8E400B85C8A /* Frameworks */,
				BBD78D7AC51CEA395F1C20DB /* Pods */,
				22915B1B35F44AAE8534BCA0 /* Resources */,
				DF864D912CCB479E00D0F4FD /* Restart.h */,
			);
			indentWidth = 2;
			sourceTree = "<group>";
			tabWidth = 2;
			usesTabs = 0;
		};
		83CBBA001A601CBA00E9B192 /* Products */ = {
			isa = PBXGroup;
			children = (
				13B07F961A680F5B00A75B9A /* SomeApp UAT.app */,
				00E356EE1AD99517003FC87E /* SomeAppTests.xctest */,
			);
			name = Products;
			sourceTree = "<group>";
		};
		BBD78D7AC51CEA395F1C20DB /* Pods */ = {
			isa = PBXGroup;
			children = (
				D5FC05D94443D7F40B281C94 /* Pods-SomeApp.uat.xcconfig */,
				D663ED23D96CC38F6A0B1AD3 /* Pods-SomeApp.uatrelease.xcconfig */,
				FA6EFF93642E5DB9B8297201 /* Pods-SomeApp.staging.xcconfig */,
				067C08E90FEAA988F80243E9 /* Pods-SomeApp.release.xcconfig */,
				92627A57A2CD688F7C5C2FE5 /* Pods-SomeApp-SomeAppTests.uat.xcconfig */,
				574EAABFD20F22754949E4F4 /* Pods-SomeApp-SomeAppTests.uatrelease.xcconfig */,
				4215028D33EA4BF86522472F /* Pods-SomeApp-SomeAppTests.staging.xcconfig */,
				2778D5F6235D20DD3AFB972F /* Pods-SomeApp-SomeAppTests.release.xcconfig */,
			);
			path = Pods;
			sourceTree = "<group>";
		};
/* End PBXGroup section */

/* Begin PBXNativeTarget section */
		00E356ED1AD99517003FC87E /* SomeAppTests */ = {
			isa = PBXNativeTarget;
			buildConfigurationList = 00E357021AD99517003FC87E /* Build configuration list for PBXNativeTarget "SomeAppTests" */;
			buildPhases = (
				9E02EC5F9390314E9576666C /* [CP] Check Pods Manifest.lock */,
				00E356EA1AD99517003FC87E /* Sources */,
				00E356EB1AD99517003FC87E /* Frameworks */,
				00E356EC1AD99517003FC87E /* Resources */,
				FFCE03E807FB46CB3664D18D /* [CP] Embed Pods Frameworks */,
				3EA5B0E4AA76A55341EAA6ED /* [CP] Copy Pods Resources */,
			);
			buildRules = (
			);
			dependencies = (
				00E356F51AD99517003FC87E /* PBXTargetDependency */,
			);
			name = SomeAppTests;
			productName = SomeAppTests;
			productReference = 00E356EE1AD99517003FC87E /* SomeAppTests.xctest */;
			productType = "com.apple.product-type.bundle.unit-test";
		};
		13B07F861A680F5B00A75B9A /* SomeApp */ = {
			isa = PBXNativeTarget;
			buildConfigurationList = 13B07F931A680F5B00A75B9A /* Build configuration list for PBXNativeTarget "SomeApp" */;
			buildPhases = (
				A66DD6AA6EDE97C9DF5A938C /* [CP] Check Pods Manifest.lock */,
				DF521B752B60F410009FE4D1 /* Bundle ENV variables */,
				13B07F871A680F5B00A75B9A /* Sources */,
				13B07F8C1A680F5B00A75B9A /* Frameworks */,
				13B07F8E1A680F5B00A75B9A /* Resources */,
				DF9889BB2CAA562C0046BD69 /* Embed Foundation Extensions */,
				00DD1BFF1BD5951E006B06BC /* Bundle React Native code and images */,
				1AC2A953095F9189940CC710 /* [CP] Embed Pods Frameworks */,
				6E432A6E09B23FB0F8C4D010 /* [CP] Copy Pods Resources */,
			);
			buildRules = (
			);
			dependencies = (
			);
			name = SomeApp;
			productName = SomeApp;
			productReference = 13B07F961A680F5B00A75B9A /* SomeApp UAT.app */;
			productType = "com.apple.product-type.application";
		};
/* End PBXNativeTarget section */

/* Begin PBXProject section */
		83CBB9F71A601CBA00E9B192 /* Project object */ = {
			isa = PBXProject;
			attributes = {
				BuildIndependentTargetsInParallel = YES;
				LastSwiftUpdateCheck = 1600;
				LastUpgradeCheck = 1600;
				TargetAttributes = {
					00E356ED1AD99517003FC87E = {
						CreatedOnToolsVersion = 6.2;
						TestTargetID = 13B07F861A680F5B00A75B9A;
					};
					13B07F861A680F5B00A75B9A = {
						LastSwiftMigration = 1120;
					};
				};
			};
			buildConfigurationList = 83CBB9FA1A601CBA00E9B192 /* Build configuration list for PBXProject "SomeApp" */;
			compatibilityVersion = "Xcode 12.0";
			developmentRegion = en;
			hasScannedForEncodings = 0;
			knownRegions = (
				en,
				Base,
			);
			mainGroup = 83CBB9F61A601CBA00E9B192;
			productRefGroup = 83CBBA001A601CBA00E9B192 /* Products */;
			projectDirPath = "";
			projectRoot = "";
			targets = (
				13B07F861A680F5B00A75B9A /* SomeApp */,
				00E356ED1AD99517003FC87E /* SomeAppTests */,
			);
		};
/* End PBXProject section */

/* Begin PBXResourcesBuildPhase section */
		00E356EC1AD99517003FC87E /* Resources */ = {
			isa = PBXResourcesBuildPhase;
			buildActionMask = 2147483647;
			files = (
			);
			runOnlyForDeploymentPostprocessing = 0;
		};
		13B07F8E1A680F5B00A75B9A /* Resources */ = {
			isa = PBXResourcesBuildPhase;
			buildActionMask = 2147483647;
			files = (
				DFBE53422C002EC300D0C281 /* PrivacyInfo.xcprivacy in Resources */,
				81AB9BB82411601600AC10FF /* LaunchScreen.storyboard in Resources */,
				13B07FBF1A68108700A75B9A /* Images.xcassets in Resources */,
				A7CB91232042459F9C6B926F /* Lato-Black.ttf in Resources */,
				C0A26F50ABA7459A9E8CDA09 /* Lato-Bold.ttf in Resources */,
				56119D2706E640E1B61EA5A6 /* Lato-Hairline.ttf in Resources */,
				1C1F8DD8A8AD4F60B2FA9514 /* Lato-Heavy.ttf in Resources */,
				E33C20909FA5496A86477D6B /* Lato-Italic.ttf in Resources */,
				84085DAA6637413D92C8D7E5 /* Lato-Light.ttf in Resources */,
				E29781509CD04FFFB4B6AB81 /* Lato-Medium.ttf in Resources */,
				9E3BD26220D44D0D97EEC07F /* Lato-Regular.ttf in Resources */,
				6430A249B55141DA9C7339BF /* Lato-Semibold.ttf in Resources */,
				32FD9FF98B744B98B5669B81 /* Lato-Thin.ttf in Resources */,
			);
			runOnlyForDeploymentPostprocessing = 0;
		};
/* End PBXResourcesBuildPhase section */

/* Begin PBXShellScriptBuildPhase section */
		00DD1BFF1BD5951E006B06BC /* Bundle React Native code and images */ = {
			isa = PBXShellScriptBuildPhase;
			buildActionMask = 2147483647;
			files = (
			);
			inputPaths = (
				"$(SRCROOT)/.xcode.env.local",
				"$(SRCROOT)/.xcode.env",
			);
			name = "Bundle React Native code and images";
			outputPaths = (
			);
			runOnlyForDeploymentPostprocessing = 0;
			shellPath = /bin/sh;
			shellScript = "set -e\n\nWITH_ENVIRONMENT=\"../node_modules/react-native/scripts/xcode/with-environment.sh\"\nREACT_NATIVE_XCODE=\"../node_modules/react-native/scripts/react-native-xcode.sh\"\n\n/bin/sh -c \"$WITH_ENVIRONMENT $REACT_NATIVE_XCODE\"\n";
		};
		1AC2A953095F9189940CC710 /* [CP] Embed Pods Frameworks */ = {
			isa = PBXShellScriptBuildPhase;
			buildActionMask = 2147483647;
			files = (
			);
			inputFileListPaths = (
				"${PODS_ROOT}/Target Support Files/Pods-SomeApp/Pods-SomeApp-frameworks-${CONFIGURATION}-input-files.xcfilelist",
			);
			name = "[CP] Embed Pods Frameworks";
			outputFileListPaths = (
				"${PODS_ROOT}/Target Support Files/Pods-SomeApp/Pods-SomeApp-frameworks-${CONFIGURATION}-output-files.xcfilelist",
			);
			runOnlyForDeploymentPostprocessing = 0;
			shellPath = /bin/sh;
			shellScript = "\"${PODS_ROOT}/Target Support Files/Pods-SomeApp/Pods-SomeApp-frameworks.sh\"\n";
			showEnvVarsInLog = 0;
		};
		3EA5B0E4AA76A55341EAA6ED /* [CP] Copy Pods Resources */ = {
			isa = PBXShellScriptBuildPhase;
			buildActionMask = 2147483647;
			files = (
			);
			inputFileListPaths = (
				"${PODS_ROOT}/Target Support Files/Pods-SomeApp-SomeAppTests/Pods-SomeApp-SomeAppTests-resources-${CONFIGURATION}-input-files.xcfilelist",
			);
			name = "[CP] Copy Pods Resources";
			outputFileListPaths = (
				"${PODS_ROOT}/Target Support Files/Pods-SomeApp-SomeAppTests/Pods-SomeApp-SomeAppTests-resources-${CONFIGURATION}-output-files.xcfilelist",
			);
			runOnlyForDeploymentPostprocessing = 0;
			shellPath = /bin/sh;
			shellScript = "\"${PODS_ROOT}/Target Support Files/Pods-SomeApp-SomeAppTests/Pods-SomeApp-SomeAppTests-resources.sh\"\n";
			showEnvVarsInLog = 0;
		};
		6E432A6E09B23FB0F8C4D010 /* [CP] Copy Pods Resources */ = {
			isa = PBXShellScriptBuildPhase;
			buildActionMask = 2147483647;
			files = (
			);
			inputFileListPaths = (
				"${PODS_ROOT}/Target Support Files/Pods-SomeApp/Pods-SomeApp-resources-${CONFIGURATION}-input-files.xcfilelist",
			);
			name = "[CP] Copy Pods Resources";
			outputFileListPaths = (
				"${PODS_ROOT}/Target Support Files/Pods-SomeApp/Pods-SomeApp-resources-${CONFIGURATION}-output-files.xcfilelist",
			);
			runOnlyForDeploymentPostprocessing = 0;
			shellPath = /bin/sh;
			shellScript = "\"${PODS_ROOT}/Target Support Files/Pods-SomeApp/Pods-SomeApp-resources.sh\"\n";
			showEnvVarsInLog = 0;
		};
		9E02EC5F9390314E9576666C /* [CP] Check Pods Manifest.lock */ = {
			isa = PBXShellScriptBuildPhase;
			buildActionMask = 2147483647;
			files = (
			);
			inputFileListPaths = (
			);
			inputPaths = (
				"${PODS_PODFILE_DIR_PATH}/Podfile.lock",
				"${PODS_ROOT}/Manifest.lock",
			);
			name = "[CP] Check Pods Manifest.lock";
			outputFileListPaths = (
			);
			outputPaths = (
				"$(DERIVED_FILE_DIR)/Pods-SomeApp-SomeAppTests-checkManifestLockResult.txt",
			);
			runOnlyForDeploymentPostprocessing = 0;
			shellPath = /bin/sh;
			shellScript = "diff \"${PODS_PODFILE_DIR_PATH}/Podfile.lock\" \"${PODS_ROOT}/Manifest.lock\" > /dev/null\nif [ $? != 0 ] ; then\n    # print error to STDERR\n    echo \"error: The sandbox is not in sync with the Podfile.lock. Run 'pod install' or update your CocoaPods installation.\" >&2\n    exit 1\nfi\n# This output is used by Xcode 'outputs' to avoid re-running this script phase.\necho \"SUCCESS\" > \"${SCRIPT_OUTPUT_FILE_0}\"\n";
			showEnvVarsInLog = 0;
		};
		A66DD6AA6EDE97C9DF5A938C /* [CP] Check Pods Manifest.lock */ = {
			isa = PBXShellScriptBuildPhase;
			buildActionMask = 2147483647;
			files = (
			);
			inputFileListPaths = (
			);
			inputPaths = (
				"${PODS_PODFILE_DIR_PATH}/Podfile.lock",
				"${PODS_ROOT}/Manifest.lock",
			);
			name = "[CP] Check Pods Manifest.lock";
			outputFileListPaths = (
			);
			outputPaths = (
				"$(DERIVED_FILE_DIR)/Pods-SomeApp-checkManifestLockResult.txt",
			);
			runOnlyForDeploymentPostprocessing = 0;
			shellPath = /bin/sh;
			shellScript = "diff \"${PODS_PODFILE_DIR_PATH}/Podfile.lock\" \"${PODS_ROOT}/Manifest.lock\" > /dev/null\nif [ $? != 0 ] ; then\n    # print error to STDERR\n    echo \"error: The sandbox is not in sync with the Podfile.lock. Run 'pod install' or update your CocoaPods installation.\" >&2\n    exit 1\nfi\n# This output is used by Xcode 'outputs' to avoid re-running this script phase.\necho \"SUCCESS\" > \"${SCRIPT_OUTPUT_FILE_0}\"\n";
			showEnvVarsInLog = 0;
		};
		DF521B752B60F410009FE4D1 /* Bundle ENV variables */ = {
			isa = PBXShellScriptBuildPhase;
			buildActionMask = 2147483647;
			files = (
			);
			inputFileListPaths = (
			);
			inputPaths = (
			);
			name = "Bundle ENV variables";
			outputFileListPaths = (
			);
			outputPaths = (
			);
			runOnlyForDeploymentPostprocessing = 0;
			shellPath = /bin/sh;
			shellScript = "\"${SRCROOT}/../node_modules/react-native-config/ios/ReactNativeConfig/BuildXCConfig.rb\" \"${SRCROOT}/..\" \"${SRCROOT}/tmp.xcconfig\"\n\n";
		};
		FFCE03E807FB46CB3664D18D /* [CP] Embed Pods Frameworks */ = {
			isa = PBXShellScriptBuildPhase;
			buildActionMask = 2147483647;
			files = (
			);
			inputFileListPaths = (
				"${PODS_ROOT}/Target Support Files/Pods-SomeApp-SomeAppTests/Pods-SomeApp-SomeAppTests-frameworks-${CONFIGURATION}-input-files.xcfilelist",
			);
			name = "[CP] Embed Pods Frameworks";
			outputFileListPaths = (
				"${PODS_ROOT}/Target Support Files/Pods-SomeApp-SomeAppTests/Pods-SomeApp-SomeAppTests-frameworks-${CONFIGURATION}-output-files.xcfilelist",
			);
			runOnlyForDeploymentPostprocessing = 0;
			shellPath = /bin/sh;
			shellScript = "\"${PODS_ROOT}/Target Support Files/Pods-SomeApp-SomeAppTests/Pods-SomeApp-SomeAppTests-frameworks.sh\"\n";
			showEnvVarsInLog = 0;
		};
/* End PBXShellScriptBuildPhase section */

/* Begin PBXSourcesBuildPhase section */
		00E356EA1AD99517003FC87E /* Sources */ = {
			isa = PBXSourcesBuildPhase;
			buildActionMask = 2147483647;
			files = (
				00E356F31AD99517003FC87E /* SomeAppTests.m in Sources */,
			);
			runOnlyForDeploymentPostprocessing = 0;
		};
		13B07F871A680F5B00A75B9A /* Sources */ = {
			isa = PBXSourcesBuildPhase;
			buildActionMask = 2147483647;
			files = (
				13B07FBC1A68108700A75B9A /* AppDelegate.mm in Sources */,
				13B07FC11A68108700A75B9A /* main.m in Sources */,
				977FF92502144C028C66091F /* BuildFile in Sources */,
				DF864D962CCB48AE00D0F4FD /* Restart.m in Sources */,
			);
			runOnlyForDeploymentPostprocessing = 0;
		};
/* End PBXSourcesBuildPhase section */

/* Begin PBXTargetDependency section */
		00E356F51AD99517003FC87E /* PBXTargetDependency */ = {
			isa = PBXTargetDependency;
			target = 13B07F861A680F5B00A75B9A /* SomeApp */;
			targetProxy = 00E356F41AD99517003FC87E /* PBXContainerItemProxy */;
		};
/* End PBXTargetDependency section */

/* Begin XCBuildConfiguration section */
		00E356F61AD99517003FC87E /* Uat */ = {
			isa = XCBuildConfiguration;
			baseConfigurationReference = 92627A57A2CD688F7C5C2FE5 /* Pods-SomeApp-SomeAppTests.uat.xcconfig */;
			buildSettings = {
				BUNDLE_LOADER = "$(TEST_HOST)";
				GCC_PREPROCESSOR_DEFINITIONS = (
					"DEBUG=1",
					"$(inherited)",
				);
				INFOPLIST_FILE = SomeAppTests/Info.plist;
				IPHONEOS_DEPLOYMENT_TARGET = 13.4;
				LD_RUNPATH_SEARCH_PATHS = (
					"$(inherited)",
					"@executable_path/Frameworks",
					"@loader_path/Frameworks",
				);
				OTHER_LDFLAGS = (
					"-ObjC",
					"-lc++",
					"$(inherited)",
				);
				PRODUCT_BUNDLE_IDENTIFIER = "org.reactjs.native.example.$(PRODUCT_NAME:rfc1034identifier)";
				PRODUCT_NAME = "$(TARGET_NAME)";
				TEST_HOST = "$(BUILT_PRODUCTS_DIR)/SomeApp.app/SomeApp";
			};
			name = Uat;
		};
		00E356F71AD99517003FC87E /* Release */ = {
			isa = XCBuildConfiguration;
			baseConfigurationReference = 2778D5F6235D20DD3AFB972F /* Pods-SomeApp-SomeAppTests.release.xcconfig */;
			buildSettings = {
				BUNDLE_LOADER = "$(TEST_HOST)";
				COPY_PHASE_STRIP = NO;
				INFOPLIST_FILE = SomeAppTests/Info.plist;
				IPHONEOS_DEPLOYMENT_TARGET = 13.4;
				LD_RUNPATH_SEARCH_PATHS = (
					"$(inherited)",
					"@executable_path/Frameworks",
					"@loader_path/Frameworks",
				);
				OTHER_LDFLAGS = (
					"-ObjC",
					"-lc++",
					"$(inherited)",
				);
				PRODUCT_BUNDLE_IDENTIFIER = "org.reactjs.native.example.$(PRODUCT_NAME:rfc1034identifier)";
				PRODUCT_NAME = "$(TARGET_NAME)";
				TEST_HOST = "$(BUILT_PRODUCTS_DIR)/SomeApp.app/SomeApp";
			};
			name = Release;
		};
		13B07F941A680F5B00A75B9A /* Uat */ = {
			isa = XCBuildConfiguration;
			baseConfigurationReference = D5FC05D94443D7F40B281C94 /* Pods-SomeApp.uat.xcconfig */;
			buildSettings = {
				ASSETCATALOG_COMPILER_APPICON_NAME = AppIconUat;
				CLANG_ENABLE_MODULES = YES;
				CODEPUSH_KEY = nZ48s7w28bhDvv_6BcwNf9h2fEXZVbpVCgLEJP;
				CODE_SIGN_ENTITLEMENTS = SomeApp/SomeApp.entitlements;
				CURRENT_PROJECT_VERSION = "$(IOS_APP_VERSION_CODE)";
				DEVELOPMENT_TEAM = MLF48UUXX9;
				ENABLE_BITCODE = NO;
				INFOPLIST_FILE = SomeApp/Info.plist;
				INFOPLIST_OTHER_PREPROCESSOR_FLAGS = "-traditional";
				INFOPLIST_PREFIX_HEADER = "${BUILD_DIR}/GeneratedInfoPlistDotEnv.h";
				INFOPLIST_PREPROCESS = YES;
				IPHONEOS_DEPLOYMENT_TARGET = 13.4;
				LD_RUNPATH_SEARCH_PATHS = (
					"$(inherited)",
					"@executable_path/Frameworks",
				);
				MARKETING_VERSION = "$(IOS_APP_VERSION_NAME)";
				OTHER_LDFLAGS = (
					"$(inherited)",
					"-ObjC",
					"-lc++",
				);
				PRODUCT_BUNDLE_IDENTIFIER = com.shinhanalpha.uat;
				PRODUCT_NAME = "SomeApp UAT";
				SUPPORTED_PLATFORMS = "iphoneos iphonesimulator";
				SUPPORTS_MACCATALYST = NO;
				SWIFT_OPTIMIZATION_LEVEL = "-Onone";
				SWIFT_VERSION = 5.0;
				TARGETED_DEVICE_FAMILY = "1,2";
				VERSIONING_SYSTEM = "apple-generic";
			};
			name = Uat;
		};
		13B07F951A680F5B00A75B9A /* Release */ = {
			isa = XCBuildConfiguration;
			baseConfigurationReference = 067C08E90FEAA988F80243E9 /* Pods-SomeApp.release.xcconfig */;
			buildSettings = {
				ASSETCATALOG_COMPILER_APPICON_NAME = AppIcon;
				CLANG_ENABLE_MODULES = YES;
				CODEPUSH_KEY = TDk9YsVO1uuGu9vTPP56vj8HzJ9jcGna_4KqR5;
				CODE_SIGN_ENTITLEMENTS = SomeApp/SomeAppRelease.entitlements;
				CURRENT_PROJECT_VERSION = "$(IOS_APP_VERSION_CODE)";
				DEVELOPMENT_TEAM = MLF48UUXX9;
				INFOPLIST_FILE = SomeApp/Info.plist;
				INFOPLIST_OTHER_PREPROCESSOR_FLAGS = "-traditional";
				INFOPLIST_PREFIX_HEADER = "${BUILD_DIR}/GeneratedInfoPlistDotEnv.h";
				INFOPLIST_PREPROCESS = YES;
				IPHONEOS_DEPLOYMENT_TARGET = 13.4;
				LD_RUNPATH_SEARCH_PATHS = (
					"$(inherited)",
					"@executable_path/Frameworks",
				);
				MARKETING_VERSION = "$(IOS_APP_VERSION_NAME)";
				OTHER_LDFLAGS = (
					"$(inherited)",
					"-ObjC",
					"-lc++",
				);
				PRODUCT_BUNDLE_IDENTIFIER = vn.ssv.someapp;
				PRODUCT_NAME = "SomeApp";
				SUPPORTED_PLATFORMS = "iphoneos iphonesimulator";
				SUPPORTS_MACCATALYST = NO;
				SWIFT_VERSION = 5.0;
				TARGETED_DEVICE_FAMILY = "1,2";
				VERSIONING_SYSTEM = "apple-generic";
			};
			name = Release;
		};
		83CBBA201A601CBA00E9B192 /* Uat */ = {
			isa = XCBuildConfiguration;
			baseConfigurationReference = DF521B742B60F343009FE4D1 /* Config.xcconfig */;
			buildSettings = {
				ALWAYS_SEARCH_USER_PATHS = NO;
				APPLY_RULES_IN_COPY_HEADERS = YES;
				CC = "";
				CLANG_ANALYZER_LOCALIZABILITY_NONLOCALIZED = YES;
				CLANG_CXX_LANGUAGE_STANDARD = "c++20";
				CLANG_CXX_LIBRARY = "libc++";
				CLANG_ENABLE_MODULES = YES;
				CLANG_ENABLE_OBJC_ARC = YES;
				CLANG_WARN_BLOCK_CAPTURE_AUTORELEASING = YES;
				CLANG_WARN_BOOL_CONVERSION = YES;
				CLANG_WARN_COMMA = YES;
				CLANG_WARN_CONSTANT_CONVERSION = YES;
				CLANG_WARN_DEPRECATED_OBJC_IMPLEMENTATIONS = YES;
				CLANG_WARN_DIRECT_OBJC_ISA_USAGE = YES_ERROR;
				CLANG_WARN_EMPTY_BODY = YES;
				CLANG_WARN_ENUM_CONVERSION = YES;
				CLANG_WARN_INFINITE_RECURSION = YES;
				CLANG_WARN_INT_CONVERSION = YES;
				CLANG_WARN_NON_LITERAL_NULL_CONVERSION = YES;
				CLANG_WARN_OBJC_IMPLICIT_RETAIN_SELF = YES;
				CLANG_WARN_OBJC_LITERAL_CONVERSION = YES;
				CLANG_WARN_OBJC_ROOT_CLASS = YES_ERROR;
				CLANG_WARN_RANGE_LOOP_ANALYSIS = YES;
				CLANG_WARN_STRICT_PROTOTYPES = YES;
				CLANG_WARN_SUSPICIOUS_MOVE = YES;
				CLANG_WARN_UNREACHABLE_CODE = YES;
				CLANG_WARN__DUPLICATE_METHOD_MATCH = YES;
				"CODE_SIGN_IDENTITY[sdk=iphoneos*]" = "iPhone Developer";
				COPY_PHASE_STRIP = NO;
				CXX = "";
				ENABLE_STRICT_OBJC_MSGSEND = YES;
				ENABLE_TESTABILITY = YES;
				"EXCLUDED_ARCHS[sdk=iphonesimulator*]" = i386;
				GCC_C_LANGUAGE_STANDARD = gnu99;
				GCC_DYNAMIC_NO_PIC = NO;
				GCC_NO_COMMON_BLOCKS = YES;
				GCC_OPTIMIZATION_LEVEL = 0;
				GCC_PREPROCESSOR_DEFINITIONS = (
					"DEBUG=1",
					"$(inherited)",
				);
				GCC_SYMBOLS_PRIVATE_EXTERN = NO;
				GCC_WARN_64_TO_32_BIT_CONVERSION = YES;
				GCC_WARN_ABOUT_RETURN_TYPE = YES_ERROR;
				GCC_WARN_UNDECLARED_SELECTOR = YES;
				GCC_WARN_UNINITIALIZED_AUTOS = YES_AGGRESSIVE;
				GCC_WARN_UNUSED_FUNCTION = YES;
				GCC_WARN_UNUSED_VARIABLE = YES;
				HEADER_SEARCH_PATHS = (
					"$(inherited)",
					"${PODS_CONFIGURATION_BUILD_DIR}/ReactCommon/ReactCommon.framework/Headers",
					"${PODS_CONFIGURATION_BUILD_DIR}/ReactCommon/ReactCommon.framework/Headers/react/nativemodule/core",
					"${PODS_CONFIGURATION_BUILD_DIR}/ReactCommon-Samples/ReactCommon_Samples.framework/Headers",
					"${PODS_CONFIGURATION_BUILD_DIR}/ReactCommon-Samples/ReactCommon_Samples.framework/Headers/platform/ios",
					"${PODS_CONFIGURATION_BUILD_DIR}/React-Fabric/React_Fabric.framework/Headers/react/renderer/components/view/platform/cxx",
					"${PODS_CONFIGURATION_BUILD_DIR}/React-NativeModulesApple/React_NativeModulesApple.framework/Headers",
					"${PODS_CONFIGURATION_BUILD_DIR}/React-graphics/React_graphics.framework/Headers",
					"${PODS_CONFIGURATION_BUILD_DIR}/React-graphics/React_graphics.framework/Headers/react/renderer/graphics/platform/ios",
				);
				INFOPLIST_OTHER_PREPROCESSOR_FLAGS = "-traditional";
				INFOPLIST_PREFIX_HEADER = "${BUILD_DIR}/GeneratedInfoPlistDotEnv.h";
				INFOPLIST_PREPROCESS = YES;
				IPHONEOS_DEPLOYMENT_TARGET = 13.4;
				LD = "";
				LDPLUSPLUS = "";
				LD_RUNPATH_SEARCH_PATHS = (
					/usr/lib/swift,
					"$(inherited)",
				);
				LIBRARY_SEARCH_PATHS = (
					"\"$(SDKROOT)/usr/lib/swift\"",
					"\"$(TOOLCHAIN_DIR)/usr/lib/swift/$(PLATFORM_NAME)\"",
					"\"$(inherited)\"",
				);
				MTL_ENABLE_DEBUG_INFO = YES;
				ONLY_ACTIVE_ARCH = YES;
				OTHER_CFLAGS = "$(inherited)";
				OTHER_CPLUSPLUSFLAGS = (
					"$(OTHER_CFLAGS)",
					"-DFOLLY_NO_CONFIG",
					"-DFOLLY_MOBILE=1",
					"-DFOLLY_USE_LIBCPP=1",
					"-DFOLLY_CFG_NO_COROUTINES=1",
				);
				OTHER_LDFLAGS = "$(inherited)";
				REACT_NATIVE_PATH = "${PODS_ROOT}/../../node_modules/react-native";
				SDKROOT = iphoneos;
				USE_HERMES = true;
			};
			name = Uat;
		};
		83CBBA211A601CBA00E9B192 /* Release */ = {
			isa = XCBuildConfiguration;
			baseConfigurationReference = DF521B742B60F343009FE4D1 /* Config.xcconfig */;
			buildSettings = {
				ALWAYS_SEARCH_USER_PATHS = NO;
				APPLY_RULES_IN_COPY_HEADERS = YES;
				CC = "";
				CLANG_ANALYZER_LOCALIZABILITY_NONLOCALIZED = YES;
				CLANG_CXX_LANGUAGE_STANDARD = "c++20";
				CLANG_CXX_LIBRARY = "libc++";
				CLANG_ENABLE_MODULES = YES;
				CLANG_ENABLE_OBJC_ARC = YES;
				CLANG_WARN_BLOCK_CAPTURE_AUTORELEASING = YES;
				CLANG_WARN_BOOL_CONVERSION = YES;
				CLANG_WARN_COMMA = YES;
				CLANG_WARN_CONSTANT_CONVERSION = YES;
				CLANG_WARN_DEPRECATED_OBJC_IMPLEMENTATIONS = YES;
				CLANG_WARN_DIRECT_OBJC_ISA_USAGE = YES_ERROR;
				CLANG_WARN_EMPTY_BODY = YES;
				CLANG_WARN_ENUM_CONVERSION = YES;
				CLANG_WARN_INFINITE_RECURSION = YES;
				CLANG_WARN_INT_CONVERSION = YES;
				CLANG_WARN_NON_LITERAL_NULL_CONVERSION = YES;
				CLANG_WARN_OBJC_IMPLICIT_RETAIN_SELF = YES;
				CLANG_WARN_OBJC_LITERAL_CONVERSION = YES;
				CLANG_WARN_OBJC_ROOT_CLASS = YES_ERROR;
				CLANG_WARN_RANGE_LOOP_ANALYSIS = YES;
				CLANG_WARN_STRICT_PROTOTYPES = YES;
				CLANG_WARN_SUSPICIOUS_MOVE = YES;
				CLANG_WARN_UNREACHABLE_CODE = YES;
				CLANG_WARN__DUPLICATE_METHOD_MATCH = YES;
				"CODE_SIGN_IDENTITY[sdk=iphoneos*]" = "iPhone Developer";
				COPY_PHASE_STRIP = YES;
				CXX = "";
				ENABLE_NS_ASSERTIONS = NO;
				ENABLE_STRICT_OBJC_MSGSEND = YES;
				"EXCLUDED_ARCHS[sdk=iphonesimulator*]" = i386;
				GCC_C_LANGUAGE_STANDARD = gnu99;
				GCC_NO_COMMON_BLOCKS = YES;
				GCC_WARN_64_TO_32_BIT_CONVERSION = YES;
				GCC_WARN_ABOUT_RETURN_TYPE = YES_ERROR;
				GCC_WARN_UNDECLARED_SELECTOR = YES;
				GCC_WARN_UNINITIALIZED_AUTOS = YES_AGGRESSIVE;
				GCC_WARN_UNUSED_FUNCTION = YES;
				GCC_WARN_UNUSED_VARIABLE = YES;
				HEADER_SEARCH_PATHS = (
					"$(inherited)",
					"${PODS_CONFIGURATION_BUILD_DIR}/ReactCommon/ReactCommon.framework/Headers",
					"${PODS_CONFIGURATION_BUILD_DIR}/ReactCommon/ReactCommon.framework/Headers/react/nativemodule/core",
					"${PODS_CONFIGURATION_BUILD_DIR}/ReactCommon-Samples/ReactCommon_Samples.framework/Headers",
					"${PODS_CONFIGURATION_BUILD_DIR}/ReactCommon-Samples/ReactCommon_Samples.framework/Headers/platform/ios",
					"${PODS_CONFIGURATION_BUILD_DIR}/React-Fabric/React_Fabric.framework/Headers/react/renderer/components/view/platform/cxx",
					"${PODS_CONFIGURATION_BUILD_DIR}/React-NativeModulesApple/React_NativeModulesApple.framework/Headers",
					"${PODS_CONFIGURATION_BUILD_DIR}/React-graphics/React_graphics.framework/Headers",
					"${PODS_CONFIGURATION_BUILD_DIR}/React-graphics/React_graphics.framework/Headers/react/renderer/graphics/platform/ios",
				);
				INFOPLIST_OTHER_PREPROCESSOR_FLAGS = "-traditional";
				INFOPLIST_PREFIX_HEADER = "${BUILD_DIR}/GeneratedInfoPlistDotEnv.h";
				INFOPLIST_PREPROCESS = YES;
				IPHONEOS_DEPLOYMENT_TARGET = 13.4;
				LD = "";
				LDPLUSPLUS = "";
				LD_RUNPATH_SEARCH_PATHS = (
					/usr/lib/swift,
					"$(inherited)",
				);
				LIBRARY_SEARCH_PATHS = (
					"\"$(SDKROOT)/usr/lib/swift\"",
					"\"$(TOOLCHAIN_DIR)/usr/lib/swift/$(PLATFORM_NAME)\"",
					"\"$(inherited)\"",
				);
				MTL_ENABLE_DEBUG_INFO = NO;
				OTHER_CFLAGS = "$(inherited)";
				OTHER_CPLUSPLUSFLAGS = (
					"$(OTHER_CFLAGS)",
					"-DFOLLY_NO_CONFIG",
					"-DFOLLY_MOBILE=1",
					"-DFOLLY_USE_LIBCPP=1",
					"-DFOLLY_CFG_NO_COROUTINES=1",
				);
				OTHER_LDFLAGS = "$(inherited)";
				REACT_NATIVE_PATH = "${PODS_ROOT}/../../node_modules/react-native";
				SDKROOT = iphoneos;
				USE_HERMES = true;
				VALIDATE_PRODUCT = YES;
			};
			name = Release;
		};
		DF4EAEA92BF5CAEE00980281 /* Staging */ = {
			isa = XCBuildConfiguration;
			baseConfigurationReference = DF521B742B60F343009FE4D1 /* Config.xcconfig */;
			buildSettings = {
				ALWAYS_SEARCH_USER_PATHS = NO;
				APPLY_RULES_IN_COPY_HEADERS = YES;
				CC = "";
				CLANG_ANALYZER_LOCALIZABILITY_NONLOCALIZED = YES;
				CLANG_CXX_LANGUAGE_STANDARD = "c++20";
				CLANG_CXX_LIBRARY = "libc++";
				CLANG_ENABLE_MODULES = YES;
				CLANG_ENABLE_OBJC_ARC = YES;
				CLANG_WARN_BLOCK_CAPTURE_AUTORELEASING = YES;
				CLANG_WARN_BOOL_CONVERSION = YES;
				CLANG_WARN_COMMA = YES;
				CLANG_WARN_CONSTANT_CONVERSION = YES;
				CLANG_WARN_DEPRECATED_OBJC_IMPLEMENTATIONS = YES;
				CLANG_WARN_DIRECT_OBJC_ISA_USAGE = YES_ERROR;
				CLANG_WARN_EMPTY_BODY = YES;
				CLANG_WARN_ENUM_CONVERSION = YES;
				CLANG_WARN_INFINITE_RECURSION = YES;
				CLANG_WARN_INT_CONVERSION = YES;
				CLANG_WARN_NON_LITERAL_NULL_CONVERSION = YES;
				CLANG_WARN_OBJC_IMPLICIT_RETAIN_SELF = YES;
				CLANG_WARN_OBJC_LITERAL_CONVERSION = YES;
				CLANG_WARN_OBJC_ROOT_CLASS = YES_ERROR;
				CLANG_WARN_RANGE_LOOP_ANALYSIS = YES;
				CLANG_WARN_STRICT_PROTOTYPES = YES;
				CLANG_WARN_SUSPICIOUS_MOVE = YES;
				CLANG_WARN_UNREACHABLE_CODE = YES;
				CLANG_WARN__DUPLICATE_METHOD_MATCH = YES;
				"CODE_SIGN_IDENTITY[sdk=iphoneos*]" = "iPhone Developer";
				COPY_PHASE_STRIP = NO;
				CXX = "";
				ENABLE_STRICT_OBJC_MSGSEND = YES;
				ENABLE_TESTABILITY = YES;
				"EXCLUDED_ARCHS[sdk=iphonesimulator*]" = i386;
				GCC_C_LANGUAGE_STANDARD = gnu99;
				GCC_DYNAMIC_NO_PIC = NO;
				GCC_NO_COMMON_BLOCKS = YES;
				GCC_OPTIMIZATION_LEVEL = 0;
				GCC_PREPROCESSOR_DEFINITIONS = (
					"DEBUG=1",
					"$(inherited)",
				);
				GCC_SYMBOLS_PRIVATE_EXTERN = NO;
				GCC_WARN_64_TO_32_BIT_CONVERSION = YES;
				GCC_WARN_ABOUT_RETURN_TYPE = YES_ERROR;
				GCC_WARN_UNDECLARED_SELECTOR = YES;
				GCC_WARN_UNINITIALIZED_AUTOS = YES_AGGRESSIVE;
				GCC_WARN_UNUSED_FUNCTION = YES;
				GCC_WARN_UNUSED_VARIABLE = YES;
				HEADER_SEARCH_PATHS = (
					"$(inherited)",
					"${PODS_CONFIGURATION_BUILD_DIR}/ReactCommon/ReactCommon.framework/Headers",
					"${PODS_CONFIGURATION_BUILD_DIR}/ReactCommon/ReactCommon.framework/Headers/react/nativemodule/core",
					"${PODS_CONFIGURATION_BUILD_DIR}/ReactCommon-Samples/ReactCommon_Samples.framework/Headers",
					"${PODS_CONFIGURATION_BUILD_DIR}/ReactCommon-Samples/ReactCommon_Samples.framework/Headers/platform/ios",
					"${PODS_CONFIGURATION_BUILD_DIR}/React-Fabric/React_Fabric.framework/Headers/react/renderer/components/view/platform/cxx",
					"${PODS_CONFIGURATION_BUILD_DIR}/React-NativeModulesApple/React_NativeModulesApple.framework/Headers",
					"${PODS_CONFIGURATION_BUILD_DIR}/React-graphics/React_graphics.framework/Headers",
					"${PODS_CONFIGURATION_BUILD_DIR}/React-graphics/React_graphics.framework/Headers/react/renderer/graphics/platform/ios",
				);
				INFOPLIST_OTHER_PREPROCESSOR_FLAGS = "-traditional";
				INFOPLIST_PREFIX_HEADER = "${BUILD_DIR}/GeneratedInfoPlistDotEnv.h";
				INFOPLIST_PREPROCESS = YES;
				IPHONEOS_DEPLOYMENT_TARGET = 13.4;
				LD = "";
				LDPLUSPLUS = "";
				LD_RUNPATH_SEARCH_PATHS = (
					/usr/lib/swift,
					"$(inherited)",
				);
				LIBRARY_SEARCH_PATHS = (
					"\"$(SDKROOT)/usr/lib/swift\"",
					"\"$(TOOLCHAIN_DIR)/usr/lib/swift/$(PLATFORM_NAME)\"",
					"\"$(inherited)\"",
				);
				MTL_ENABLE_DEBUG_INFO = YES;
				ONLY_ACTIVE_ARCH = YES;
				OTHER_CFLAGS = "$(inherited)";
				OTHER_CPLUSPLUSFLAGS = (
					"$(OTHER_CFLAGS)",
					"-DFOLLY_NO_CONFIG",
					"-DFOLLY_MOBILE=1",
					"-DFOLLY_USE_LIBCPP=1",
					"-DFOLLY_CFG_NO_COROUTINES=1",
				);
				OTHER_LDFLAGS = "$(inherited)";
				REACT_NATIVE_PATH = "${PODS_ROOT}/../../node_modules/react-native";
				SDKROOT = iphoneos;
				USE_HERMES = true;
			};
			name = Staging;
		};
		DF4EAEAA2BF5CAEE00980281 /* Staging */ = {
			isa = XCBuildConfiguration;
			baseConfigurationReference = FA6EFF93642E5DB9B8297201 /* Pods-SomeApp.staging.xcconfig */;
			buildSettings = {
				ASSETCATALOG_COMPILER_APPICON_NAME = AppIcon;
				CLANG_ENABLE_MODULES = YES;
				CODEPUSH_KEY = "";
				CODE_SIGN_ENTITLEMENTS = SomeApp/SomeAppStaging.entitlements;
				CURRENT_PROJECT_VERSION = "$(IOS_APP_VERSION_CODE)";
				DEVELOPMENT_TEAM = MLF48UUXX9;
				ENABLE_BITCODE = NO;
				INFOPLIST_FILE = SomeApp/Info.plist;
				INFOPLIST_OTHER_PREPROCESSOR_FLAGS = "-traditional";
				INFOPLIST_PREFIX_HEADER = "${BUILD_DIR}/GeneratedInfoPlistDotEnv.h";
				INFOPLIST_PREPROCESS = YES;
				IPHONEOS_DEPLOYMENT_TARGET = 13.4;
				LD_RUNPATH_SEARCH_PATHS = (
					"$(inherited)",
					"@executable_path/Frameworks",
				);
				MARKETING_VERSION = "$(IOS_APP_VERSION_NAME)";
				OTHER_LDFLAGS = (
					"$(inherited)",
					"-ObjC",
					"-lc++",
				);
				PRODUCT_BUNDLE_IDENTIFIER = com.someapp.uat;
				PRODUCT_NAME = "SomeApp Staging";
				SUPPORTED_PLATFORMS = "iphoneos iphonesimulator";
				SUPPORTS_MACCATALYST = NO;
				SWIFT_OPTIMIZATION_LEVEL = "-Onone";
				SWIFT_VERSION = 5.0;
				TARGETED_DEVICE_FAMILY = "1,2";
				VERSIONING_SYSTEM = "apple-generic";
			};
			name = Staging;
		};
		DF4EAEAB2BF5CAEE00980281 /* Staging */ = {
			isa = XCBuildConfiguration;
			baseConfigurationReference = 4215028D33EA4BF86522472F /* Pods-SomeApp-SomeAppTests.staging.xcconfig */;
			buildSettings = {
				BUNDLE_LOADER = "$(TEST_HOST)";
				GCC_PREPROCESSOR_DEFINITIONS = (
					"DEBUG=1",
					"$(inherited)",
				);
				INFOPLIST_FILE = SomeAppTests/Info.plist;
				IPHONEOS_DEPLOYMENT_TARGET = 13.4;
				LD_RUNPATH_SEARCH_PATHS = (
					"$(inherited)",
					"@executable_path/Frameworks",
					"@loader_path/Frameworks",
				);
				OTHER_LDFLAGS = (
					"-ObjC",
					"-lc++",
					"$(inherited)",
				);
				PRODUCT_BUNDLE_IDENTIFIER = "org.reactjs.native.example.$(PRODUCT_NAME:rfc1034identifier)";
				PRODUCT_NAME = "$(TARGET_NAME)";
				TEST_HOST = "$(BUILT_PRODUCTS_DIR)/SomeApp.app/SomeApp";
			};
			name = Staging;
		};
		DF93B9FD2CC1F5A7003703D3 /* UatRelease */ = {
			isa = XCBuildConfiguration;
			baseConfigurationReference = DF521B742B60F343009FE4D1 /* Config.xcconfig */;
			buildSettings = {
				ALWAYS_SEARCH_USER_PATHS = NO;
				APPLY_RULES_IN_COPY_HEADERS = YES;
				CC = "";
				CLANG_ANALYZER_LOCALIZABILITY_NONLOCALIZED = YES;
				CLANG_CXX_LANGUAGE_STANDARD = "c++20";
				CLANG_CXX_LIBRARY = "libc++";
				CLANG_ENABLE_MODULES = YES;
				CLANG_ENABLE_OBJC_ARC = YES;
				CLANG_WARN_BLOCK_CAPTURE_AUTORELEASING = YES;
				CLANG_WARN_BOOL_CONVERSION = YES;
				CLANG_WARN_COMMA = YES;
				CLANG_WARN_CONSTANT_CONVERSION = YES;
				CLANG_WARN_DEPRECATED_OBJC_IMPLEMENTATIONS = YES;
				CLANG_WARN_DIRECT_OBJC_ISA_USAGE = YES_ERROR;
				CLANG_WARN_EMPTY_BODY = YES;
				CLANG_WARN_ENUM_CONVERSION = YES;
				CLANG_WARN_INFINITE_RECURSION = YES;
				CLANG_WARN_INT_CONVERSION = YES;
				CLANG_WARN_NON_LITERAL_NULL_CONVERSION = YES;
				CLANG_WARN_OBJC_IMPLICIT_RETAIN_SELF = YES;
				CLANG_WARN_OBJC_LITERAL_CONVERSION = YES;
				CLANG_WARN_OBJC_ROOT_CLASS = YES_ERROR;
				CLANG_WARN_RANGE_LOOP_ANALYSIS = YES;
				CLANG_WARN_STRICT_PROTOTYPES = YES;
				CLANG_WARN_SUSPICIOUS_MOVE = YES;
				CLANG_WARN_UNREACHABLE_CODE = YES;
				CLANG_WARN__DUPLICATE_METHOD_MATCH = YES;
				"CODE_SIGN_IDENTITY[sdk=iphoneos*]" = "iPhone Developer";
				COPY_PHASE_STRIP = NO;
				CXX = "";
				ENABLE_STRICT_OBJC_MSGSEND = YES;
				ENABLE_TESTABILITY = YES;
				"EXCLUDED_ARCHS[sdk=iphonesimulator*]" = i386;
				GCC_C_LANGUAGE_STANDARD = gnu99;
				GCC_DYNAMIC_NO_PIC = NO;
				GCC_NO_COMMON_BLOCKS = YES;
				GCC_OPTIMIZATION_LEVEL = 0;
				GCC_PREPROCESSOR_DEFINITIONS = (
					"DEBUG=1",
					"$(inherited)",
				);
				GCC_SYMBOLS_PRIVATE_EXTERN = NO;
				GCC_WARN_64_TO_32_BIT_CONVERSION = YES;
				GCC_WARN_ABOUT_RETURN_TYPE = YES_ERROR;
				GCC_WARN_UNDECLARED_SELECTOR = YES;
				GCC_WARN_UNINITIALIZED_AUTOS = YES_AGGRESSIVE;
				GCC_WARN_UNUSED_FUNCTION = YES;
				GCC_WARN_UNUSED_VARIABLE = YES;
				HEADER_SEARCH_PATHS = (
					"$(inherited)",
					"${PODS_CONFIGURATION_BUILD_DIR}/ReactCommon/ReactCommon.framework/Headers",
					"${PODS_CONFIGURATION_BUILD_DIR}/ReactCommon/ReactCommon.framework/Headers/react/nativemodule/core",
					"${PODS_CONFIGURATION_BUILD_DIR}/ReactCommon-Samples/ReactCommon_Samples.framework/Headers",
					"${PODS_CONFIGURATION_BUILD_DIR}/ReactCommon-Samples/ReactCommon_Samples.framework/Headers/platform/ios",
					"${PODS_CONFIGURATION_BUILD_DIR}/React-Fabric/React_Fabric.framework/Headers/react/renderer/components/view/platform/cxx",
					"${PODS_CONFIGURATION_BUILD_DIR}/React-NativeModulesApple/React_NativeModulesApple.framework/Headers",
					"${PODS_CONFIGURATION_BUILD_DIR}/React-graphics/React_graphics.framework/Headers",
					"${PODS_CONFIGURATION_BUILD_DIR}/React-graphics/React_graphics.framework/Headers/react/renderer/graphics/platform/ios",
				);
				INFOPLIST_OTHER_PREPROCESSOR_FLAGS = "-traditional";
				INFOPLIST_PREFIX_HEADER = "${BUILD_DIR}/GeneratedInfoPlistDotEnv.h";
				INFOPLIST_PREPROCESS = YES;
				IPHONEOS_DEPLOYMENT_TARGET = 13.4;
				LD = "";
				LDPLUSPLUS = "";
				LD_RUNPATH_SEARCH_PATHS = (
					/usr/lib/swift,
					"$(inherited)",
				);
				LIBRARY_SEARCH_PATHS = (
					"\"$(SDKROOT)/usr/lib/swift\"",
					"\"$(TOOLCHAIN_DIR)/usr/lib/swift/$(PLATFORM_NAME)\"",
					"\"$(inherited)\"",
				);
				MTL_ENABLE_DEBUG_INFO = YES;
				ONLY_ACTIVE_ARCH = YES;
				OTHER_CFLAGS = "$(inherited)";
				OTHER_CPLUSPLUSFLAGS = (
					"$(OTHER_CFLAGS)",
					"-DFOLLY_NO_CONFIG",
					"-DFOLLY_MOBILE=1",
					"-DFOLLY_USE_LIBCPP=1",
					"-DFOLLY_CFG_NO_COROUTINES=1",
				);
				OTHER_LDFLAGS = "$(inherited)";
				REACT_NATIVE_PATH = "${PODS_ROOT}/../../node_modules/react-native";
				SDKROOT = iphoneos;
				USE_HERMES = true;
			};
			name = UatRelease;
		};
		DF93B9FE2CC1F5A7003703D3 /* UatRelease */ = {
			isa = XCBuildConfiguration;
			baseConfigurationReference = D663ED23D96CC38F6A0B1AD3 /* Pods-SomeApp.uatrelease.xcconfig */;
			buildSettings = {
				ASSETCATALOG_COMPILER_APPICON_NAME = AppIconUat;
				CLANG_ENABLE_MODULES = YES;
				CODEPUSH_KEY = nZ48s7w28bhDvv_6BcwNf9h2fEXZVbpVCgLEJP;
				CODE_SIGN_ENTITLEMENTS = SomeApp/SomeApp.entitlements;
				CURRENT_PROJECT_VERSION = "$(IOS_APP_VERSION_CODE)";
				DEVELOPMENT_TEAM = MLF48UUXX9;
				ENABLE_BITCODE = NO;
				INFOPLIST_FILE = SomeApp/Info.plist;
				INFOPLIST_OTHER_PREPROCESSOR_FLAGS = "-traditional";
				INFOPLIST_PREFIX_HEADER = "${BUILD_DIR}/GeneratedInfoPlistDotEnv.h";
				INFOPLIST_PREPROCESS = YES;
				IPHONEOS_DEPLOYMENT_TARGET = 13.4;
				LD_RUNPATH_SEARCH_PATHS = (
					"$(inherited)",
					"@executable_path/Frameworks",
				);
				MARKETING_VERSION = "$(IOS_APP_VERSION_NAME)";
				OTHER_LDFLAGS = (
					"$(inherited)",
					"-ObjC",
					"-lc++",
				);
				PRODUCT_BUNDLE_IDENTIFIER = com.shinhanalpha.uat;
				PRODUCT_NAME = "SomeApp UAT";
				SUPPORTED_PLATFORMS = "iphoneos iphonesimulator";
				SUPPORTS_MACCATALYST = NO;
				SWIFT_OPTIMIZATION_LEVEL = "-Onone";
				SWIFT_VERSION = 5.0;
				TARGETED_DEVICE_FAMILY = "1,2";
				VERSIONING_SYSTEM = "apple-generic";
			};
			name = UatRelease;
		};
		DF93B9FF2CC1F5A7003703D3 /* UatRelease */ = {
			isa = XCBuildConfiguration;
			baseConfigurationReference = 574EAABFD20F22754949E4F4 /* Pods-SomeApp-SomeAppTests.uatrelease.xcconfig */;
			buildSettings = {
				BUNDLE_LOADER = "$(TEST_HOST)";
				GCC_PREPROCESSOR_DEFINITIONS = (
					"DEBUG=1",
					"$(inherited)",
				);
				INFOPLIST_FILE = SomeAppTests/Info.plist;
				IPHONEOS_DEPLOYMENT_TARGET = 13.4;
				LD_RUNPATH_SEARCH_PATHS = (
					"$(inherited)",
					"@executable_path/Frameworks",
					"@loader_path/Frameworks",
				);
				OTHER_LDFLAGS = (
					"-ObjC",
					"-lc++",
					"$(inherited)",
				);
				PRODUCT_BUNDLE_IDENTIFIER = "org.reactjs.native.example.$(PRODUCT_NAME:rfc1034identifier)";
				PRODUCT_NAME = "$(TARGET_NAME)";
				TEST_HOST = "$(BUILT_PRODUCTS_DIR)/SomeApp.app/SomeApp";
			};
			name = UatRelease;
		};
/* End XCBuildConfiguration section */

/* Begin XCConfigurationList section */
		00E357021AD99517003FC87E /* Build configuration list for PBXNativeTarget "SomeAppTests" */ = {
			isa = XCConfigurationList;
			buildConfigurations = (
				00E356F61AD99517003FC87E /* Uat */,
				DF93B9FF2CC1F5A7003703D3 /* UatRelease */,
				DF4EAEAB2BF5CAEE00980281 /* Staging */,
				00E356F71AD99517003FC87E /* Release */,
			);
			defaultConfigurationIsVisible = 0;
			defaultConfigurationName = Release;
		};
		13B07F931A680F5B00A75B9A /* Build configuration list for PBXNativeTarget "SomeApp" */ = {
			isa = XCConfigurationList;
			buildConfigurations = (
				13B07F941A680F5B00A75B9A /* Uat */,
				DF93B9FE2CC1F5A7003703D3 /* UatRelease */,
				DF4EAEAA2BF5CAEE00980281 /* Staging */,
				13B07F951A680F5B00A75B9A /* Release */,
			);
			defaultConfigurationIsVisible = 0;
			defaultConfigurationName = Release;
		};
		83CBB9FA1A601CBA00E9B192 /* Build configuration list for PBXProject "SomeApp" */ = {
			isa = XCConfigurationList;
			buildConfigurations = (
				83CBBA201A601CBA00E9B192 /* Uat */,
				DF93B9FD2CC1F5A7003703D3 /* UatRelease */,
				DF4EAEA92BF5CAEE00980281 /* Staging */,
				83CBBA211A601CBA00E9B192 /* Release */,
			);
			defaultConfigurationIsVisible = 0;
			defaultConfigurationName = Release;
		};
/* End XCConfigurationList section */
	};
	rootObject = 83CBB9F71A601CBA00E9B192 /* Project object */;
}
